
Microsoft Visual Studio Solution File, Format Version 12.00
# Visual Studio Version 16
VisualStudioVersion = 16.0.30907.101
MinimumVisualStudioVersion = 10.0.40219.1
Project("{9A19103F-16F7-4668-BE54-9A1E7A4F7556}") = "HW1-1", "HW1-1\HW1-1.csproj", "{AA68D023-A041-421C-8717-E09CBE810859}"
EndProject
Project("{9A19103F-16F7-4668-BE54-9A1E7A4F7556}") = "HW2-1", "HW2-1\HW2-1.csproj", "{073CA995-79A7-41C3-AF0C-71FE3F9ED5AC}"
EndProject
Project("{9A19103F-16F7-4668-BE54-9A1E7A4F7556}") = "HW2-2", "HW2-2\HW2-2.csproj", "{8D067F5F-71B8-4F3A-A04E-1FA6A67A5430}"
EndProject
Project("{2150E333-8FDC-42A3-9474-1A3956D46DE8}") = "HW1", "HW1", "{720BA313-A0FF-401B-9EDC-E6807833404F}"
EndProject
Project("{9A19103F-16F7-4668-BE54-9A1E7A4F7556}") = "HW1-2", "HW1-2\HW1-2.csproj", "{58833EFF-5585-4782-9A2E-027D0B092A88}"
EndProject
Project("{9A19103F-16F7-4668-BE54-9A1E7A4F7556}") = "HW1-3", "HW1-3\HW1-3.csproj", "{432F3FCB-B943-4C6F-93F1-8B103B69D4CD}"
EndProject
Project("{2150E333-8FDC-42A3-9474-1A3956D46DE8}") = "HW2", "HW2", "{C7D468F2-6B20-40EE-A1A9-19A2C5FE4881}"
EndProject
Project("{2150E333-8FDC-42A3-9474-1A3956D46DE8}") = "HW3", "HW3", "{107597F8-C5BF-4997-B647-852139FB310E}"
EndProject
Project("{9A19103F-16F7-4668-BE54-9A1E7A4F7556}") = "HW3-1", "HW3-1\HW3-1.csproj", "{EBFA4CD0-D892-45F0-84B9-FD37B94FAC46}"
EndProject
Project("{2150E333-8FDC-42A3-9474-1A3956D46DE8}") = "HW4", "HW4", "{038863DF-F7A7-4716-8E39-A472731FD23E}"
EndProject
Project("{9A19103F-16F7-4668-BE54-9A1E7A4F7556}") = "HW4-1", "HW4-1\HW4-1.csproj", "{F70CFB24-8A1F-4410-B4BE-7E978560C8BC}"
EndProject
Project("{9A19103F-16F7-4668-BE54-9A1E7A4F7556}") = "HW4-2", "HW4-2\HW4-2.csproj", "{99214FBC-221F-4CBA-8A58-EDCCE86B3BEF}"
EndProject
Project("{2150E333-8FDC-42A3-9474-1A3956D46DE8}") = "HW5", "HW5", "{A663A2FD-308D-4ECF-85F4-FD89E52DEFC6}"
EndProject
Project("{9A19103F-16F7-4668-BE54-9A1E7A4F7556}") = "HW5-1", "HW5-1\HW5-1.csproj", "{B8AFB814-97F9-447B-9A77-78ADED58725E}"
EndProject
Project("{2150E333-8FDC-42A3-9474-1A3956D46DE8}") = "HW6", "HW6", "{3429247F-1CD7-4BB7-B1B7-15B31B254157}"
EndProject
Project("{FAE04EC0-301F-11D3-BF4B-00C04F79EFBC}") = "HW6-1", "HW6-1\HW6-1.csproj", "{34024A3C-369A-4EC2-8925-CB4BEC96DCA1}"
EndProject
Global
	GlobalSection(SolutionConfigurationPlatforms) = preSolution
		Debug|Any CPU = Debug|Any CPU
		Release|Any CPU = Release|Any CPU
	EndGlobalSection
	GlobalSection(ProjectConfigurationPlatforms) = postSolution
		{AA68D023-A041-421C-8717-E09CBE810859}.Debug|Any CPU.ActiveCfg = Debug|Any CPU
		{AA68D023-A041-421C-8717-E09CBE810859}.Debug|Any CPU.Build.0 = Debug|Any CPU
		{AA68D023-A041-421C-8717-E09CBE810859}.Release|Any CPU.ActiveCfg = Release|Any CPU
		{AA68D023-A041-421C-8717-E09CBE810859}.Release|Any CPU.Build.0 = Release|Any CPU
		{073CA995-79A7-41C3-AF0C-71FE3F9ED5AC}.Debug|Any CPU.ActiveCfg = Debug|Any CPU
		{073CA995-79A7-41C3-AF0C-71FE3F9ED5AC}.Debug|Any CPU.Build.0 = Debug|Any CPU
		{073CA995-79A7-41C3-AF0C-71FE3F9ED5AC}.Release|Any CPU.ActiveCfg = Release|Any CPU
		{073CA995-79A7-41C3-AF0C-71FE3F9ED5AC}.Release|Any CPU.Build.0 = Release|Any CPU
		{8D067F5F-71B8-4F3A-A04E-1FA6A67A5430}.Debug|Any CPU.ActiveCfg = Debug|Any CPU
		{8D067F5F-71B8-4F3A-A04E-1FA6A67A5430}.Debug|Any CPU.Build.0 = Debug|Any CPU
		{8D067F5F-71B8-4F3A-A04E-1FA6A67A5430}.Release|Any CPU.ActiveCfg = Release|Any CPU
		{8D067F5F-71B8-4F3A-A04E-1FA6A67A5430}.Release|Any CPU.Build.0 = Release|Any CPU
		{58833EFF-5585-4782-9A2E-027D0B092A88}.Debug|Any CPU.ActiveCfg = Debug|Any CPU
		{58833EFF-5585-4782-9A2E-027D0B092A88}.Debug|Any CPU.Build.0 = Debug|Any CPU
		{58833EFF-5585-4782-9A2E-027D0B092A88}.Release|Any CPU.ActiveCfg = Release|Any CPU
		{58833EFF-5585-4782-9A2E-027D0B092A88}.Release|Any CPU.Build.0 = Release|Any CPU
		{432F3FCB-B943-4C6F-93F1-8B103B69D4CD}.Debug|Any CPU.ActiveCfg = Debug|Any CPU
		{432F3FCB-B943-4C6F-93F1-8B103B69D4CD}.Debug|Any CPU.Build.0 = Debug|Any CPU
		{432F3FCB-B943-4C6F-93F1-8B103B69D4CD}.Release|Any CPU.ActiveCfg = Release|Any CPU
		{432F3FCB-B943-4C6F-93F1-8B103B69D4CD}.Release|Any CPU.Build.0 = Release|Any CPU
		{EBFA4CD0-D892-45F0-84B9-FD37B94FAC46}.Debug|Any CPU.ActiveCfg = Debug|Any CPU
		{EBFA4CD0-D892-45F0-84B9-FD37B94FAC46}.Debug|Any CPU.Build.0 = Debug|Any CPU
		{EBFA4CD0-D892-45F0-84B9-FD37B94FAC46}.Release|Any CPU.ActiveCfg = Release|Any CPU
		{EBFA4CD0-D892-45F0-84B9-FD37B94FAC46}.Release|Any CPU.Build.0 = Release|Any CPU
		{F70CFB24-8A1F-4410-B4BE-7E978560C8BC}.Debug|Any CPU.ActiveCfg = Debug|Any CPU
		{F70CFB24-8A1F-4410-B4BE-7E978560C8BC}.Debug|Any CPU.Build.0 = Debug|Any CPU
		{F70CFB24-8A1F-4410-B4BE-7E978560C8BC}.Release|Any CPU.ActiveCfg = Release|Any CPU
		{F70CFB24-8A1F-4410-B4BE-7E978560C8BC}.Release|Any CPU.Build.0 = Release|Any CPU
		{99214FBC-221F-4CBA-8A58-EDCCE86B3BEF}.Debug|Any CPU.ActiveCfg = Debug|Any CPU
		{99214FBC-221F-4CBA-8A58-EDCCE86B3BEF}.Debug|Any CPU.Build.0 = Debug|Any CPU
		{99214FBC-221F-4CBA-8A58-EDCCE86B3BEF}.Release|Any CPU.ActiveCfg = Release|Any CPU
		{99214FBC-221F-4CBA-8A58-EDCCE86B3BEF}.Release|Any CPU.Build.0 = Release|Any CPU
		{B8AFB814-97F9-447B-9A77-78ADED58725E}.Debug|Any CPU.ActiveCfg = Debug|Any CPU
		{B8AFB814-97F9-447B-9A77-78ADED58725E}.Debug|Any CPU.Build.0 = Debug|Any CPU
		{B8AFB814-97F9-447B-9A77-78ADED58725E}.Release|Any CPU.ActiveCfg = Release|Any CPU
		{B8AFB814-97F9-447B-9A77-78ADED58725E}.Release|Any CPU.Build.0 = Release|Any CPU
		{34024A3C-369A-4EC2-8925-CB4BEC96DCA1}.Debug|Any CPU.ActiveCfg = Debug|Any CPU
		{34024A3C-369A-4EC2-8925-CB4BEC96DCA1}.Debug|Any CPU.Build.0 = Debug|Any CPU
		{34024A3C-369A-4EC2-8925-CB4BEC96DCA1}.Release|Any CPU.ActiveCfg = Release|Any CPU
		{34024A3C-369A-4EC2-8925-CB4BEC96DCA1}.Release|Any CPU.Build.0 = Release|Any CPU
	EndGlobalSection
	GlobalSection(SolutionProperties) = preSolution
		HideSolutionNode = FALSE
	EndGlobalSection
	GlobalSection(NestedProjects) = preSolution
		{AA68D023-A041-421C-8717-E09CBE810859} = {720BA313-A0FF-401B-9EDC-E6807833404F}
		{073CA995-79A7-41C3-AF0C-71FE3F9ED5AC} = {C7D468F2-6B20-40EE-A1A9-19A2C5FE4881}
		{8D067F5F-71B8-4F3A-A04E-1FA6A67A5430} = {C7D468F2-6B20-40EE-A1A9-19A2C5FE4881}
		{58833EFF-5585-4782-9A2E-027D0B092A88} = {720BA313-A0FF-401B-9EDC-E6807833404F}
		{432F3FCB-B943-4C6F-93F1-8B103B69D4CD} = {720BA313-A0FF-401B-9EDC-E6807833404F}
		{EBFA4CD0-D892-45F0-84B9-FD37B94FAC46} = {107597F8-C5BF-4997-B647-852139FB310E}
		{F70CFB24-8A1F-4410-B4BE-7E978560C8BC} = {038863DF-F7A7-4716-8E39-A472731FD23E}
		{99214FBC-221F-4CBA-8A58-EDCCE86B3BEF} = {038863DF-F7A7-4716-8E39-A472731FD23E}
		{B8AFB814-97F9-447B-9A77-78ADED58725E} = {A663A2FD-308D-4ECF-85F4-FD89E52DEFC6}
		{34024A3C-369A-4EC2-8925-CB4BEC96DCA1} = {3429247F-1CD7-4BB7-B1B7-15B31B254157}
	EndGlobalSection
	GlobalSection(ExtensibilityGlobals) = postSolution
		SolutionGuid = {BC8D26D0-312E-4B79-9D60-D29CF61C84A0}
	EndGlobalSection
EndGlobal
